
Microsoft Visual Studio Solution File, Format Version 12.00
Project("{FAE04EC0-301F-11D3-BF4B-00C04F79EFBC}") = "Lab1", "Lab1\Lab1.csproj", "{CA9480C5-DBE5-475A-B4CC-96947E202E3F}"
EndProject
Project("{FAE04EC0-301F-11D3-BF4B-00C04F79EFBC}") = "Lab2", "Lab2\Lab2.csproj", "{82112F86-4002-4586-8FC5-0BD7F86A704F}"
EndProject
Project("{FAE04EC0-301F-11D3-BF4B-00C04F79EFBC}") = "Lab3", "Lab3\Lab3.csproj", "{CE2511F2-E4F8-4B8C-80A5-B94AE79FB28E}"
EndProject
Project("{FAE04EC0-301F-11D3-BF4B-00C04F79EFBC}") = "Lab4", "Lab4\Lab4.csproj", "{1E8EA320-8456-4300-A230-2AE58222E860}"
EndProject
Project("{FAE04EC0-301F-11D3-BF4B-00C04F79EFBC}") = "Lab1p2", "Lab1p2\Lab1p2.csproj", "{4EF7EAE3-A0A5-45D1-880B-630FA24B127F}"
EndProject
Project("{FAE04EC0-301F-11D3-BF4B-00C04F79EFBC}") = "Lab1p3", "Lab1p3\Lab1p3.csproj", "{BCA36390-D5F4-430F-B24F-56D76721C7B1}"
EndProject
Project("{FAE04EC0-301F-11D3-BF4B-00C04F79EFBC}") = "Lab1p4", "Lab1p4\Lab1p4.csproj", "{3835E3D6-B65D-4038-A22A-73EEC309F15F}"
EndProject
Project("{FAE04EC0-301F-11D3-BF4B-00C04F79EFBC}") = "Lab2p2", "Lab2p2\Lab2p2.csproj", "{FC4A7581-34BC-4A6C-8608-C227A88065B3}"
EndProject
Project("{FAE04EC0-301F-11D3-BF4B-00C04F79EFBC}") = "Lab2p3", "Lab2p3\Lab2p3.csproj", "{2817D992-60CC-4530-A9A4-E45658452B9F}"
EndProject
Project("{FAE04EC0-301F-11D3-BF4B-00C04F79EFBC}") = "Lab3p2", "Lab3p2\Lab3p2.csproj", "{965A675B-1889-4FD3-871D-99836D193E55}"
EndProject
Global
	GlobalSection(SolutionConfigurationPlatforms) = preSolution
		Debug|Any CPU = Debug|Any CPU
		Release|Any CPU = Release|Any CPU
	EndGlobalSection
	GlobalSection(ProjectConfigurationPlatforms) = postSolution
		{CA9480C5-DBE5-475A-B4CC-96947E202E3F}.Debug|Any CPU.ActiveCfg = Debug|Any CPU
		{CA9480C5-DBE5-475A-B4CC-96947E202E3F}.Debug|Any CPU.Build.0 = Debug|Any CPU
		{CA9480C5-DBE5-475A-B4CC-96947E202E3F}.Release|Any CPU.ActiveCfg = Release|Any CPU
		{CA9480C5-DBE5-475A-B4CC-96947E202E3F}.Release|Any CPU.Build.0 = Release|Any CPU
		{82112F86-4002-4586-8FC5-0BD7F86A704F}.Debug|Any CPU.ActiveCfg = Debug|Any CPU
		{82112F86-4002-4586-8FC5-0BD7F86A704F}.Debug|Any CPU.Build.0 = Debug|Any CPU
		{82112F86-4002-4586-8FC5-0BD7F86A704F}.Release|Any CPU.ActiveCfg = Release|Any CPU
		{82112F86-4002-4586-8FC5-0BD7F86A704F}.Release|Any CPU.Build.0 = Release|Any CPU
		{CE2511F2-E4F8-4B8C-80A5-B94AE79FB28E}.Debug|Any CPU.ActiveCfg = Debug|Any CPU
		{CE2511F2-E4F8-4B8C-80A5-B94AE79FB28E}.Debug|Any CPU.Build.0 = Debug|Any CPU
		{CE2511F2-E4F8-4B8C-80A5-B94AE79FB28E}.Release|Any CPU.ActiveCfg = Release|Any CPU
		{CE2511F2-E4F8-4B8C-80A5-B94AE79FB28E}.Release|Any CPU.Build.0 = Release|Any CPU
		{1E8EA320-8456-4300-A230-2AE58222E860}.Debug|Any CPU.ActiveCfg = Debug|Any CPU
		{1E8EA320-8456-4300-A230-2AE58222E860}.Debug|Any CPU.Build.0 = Debug|Any CPU
		{1E8EA320-8456-4300-A230-2AE58222E860}.Release|Any CPU.ActiveCfg = Release|Any CPU
		{1E8EA320-8456-4300-A230-2AE58222E860}.Release|Any CPU.Build.0 = Release|Any CPU
		{4EF7EAE3-A0A5-45D1-880B-630FA24B127F}.Debug|Any CPU.ActiveCfg = Debug|Any CPU
		{4EF7EAE3-A0A5-45D1-880B-630FA24B127F}.Debug|Any CPU.Build.0 = Debug|Any CPU
		{4EF7EAE3-A0A5-45D1-880B-630FA24B127F}.Release|Any CPU.ActiveCfg = Release|Any CPU
		{4EF7EAE3-A0A5-45D1-880B-630FA24B127F}.Release|Any CPU.Build.0 = Release|Any CPU
		{BCA36390-D5F4-430F-B24F-56D76721C7B1}.Debug|Any CPU.ActiveCfg = Debug|Any CPU
		{BCA36390-D5F4-430F-B24F-56D76721C7B1}.Debug|Any CPU.Build.0 = Debug|Any CPU
		{BCA36390-D5F4-430F-B24F-56D76721C7B1}.Release|Any CPU.ActiveCfg = Release|Any CPU
		{BCA36390-D5F4-430F-B24F-56D76721C7B1}.Release|Any CPU.Build.0 = Release|Any CPU
		{3835E3D6-B65D-4038-A22A-73EEC309F15F}.Debug|Any CPU.ActiveCfg = Debug|Any CPU
		{3835E3D6-B65D-4038-A22A-73EEC309F15F}.Debug|Any CPU.Build.0 = Debug|Any CPU
		{3835E3D6-B65D-4038-A22A-73EEC309F15F}.Release|Any CPU.ActiveCfg = Release|Any CPU
		{3835E3D6-B65D-4038-A22A-73EEC309F15F}.Release|Any CPU.Build.0 = Release|Any CPU
		{FC4A7581-34BC-4A6C-8608-C227A88065B3}.Debug|Any CPU.ActiveCfg = Debug|Any CPU
		{FC4A7581-34BC-4A6C-8608-C227A88065B3}.Debug|Any CPU.Build.0 = Debug|Any CPU
		{FC4A7581-34BC-4A6C-8608-C227A88065B3}.Release|Any CPU.ActiveCfg = Release|Any CPU
		{FC4A7581-34BC-4A6C-8608-C227A88065B3}.Release|Any CPU.Build.0 = Release|Any CPU
		{2817D992-60CC-4530-A9A4-E45658452B9F}.Debug|Any CPU.ActiveCfg = Debug|Any CPU
		{2817D992-60CC-4530-A9A4-E45658452B9F}.Debug|Any CPU.Build.0 = Debug|Any CPU
		{2817D992-60CC-4530-A9A4-E45658452B9F}.Release|Any CPU.ActiveCfg = Release|Any CPU
		{2817D992-60CC-4530-A9A4-E45658452B9F}.Release|Any CPU.Build.0 = Release|Any CPU
		{965A675B-1889-4FD3-871D-99836D193E55}.Debug|Any CPU.ActiveCfg = Debug|Any CPU
		{965A675B-1889-4FD3-871D-99836D193E55}.Debug|Any CPU.Build.0 = Debug|Any CPU
		{965A675B-1889-4FD3-871D-99836D193E55}.Release|Any CPU.ActiveCfg = Release|Any CPU
		{965A675B-1889-4FD3-871D-99836D193E55}.Release|Any CPU.Build.0 = Release|Any CPU
	EndGlobalSection
EndGlobal
